
Microsoft Visual Studio Solution File, Format Version 12.00
# Visual Studio Version 17
VisualStudioVersion = 17.3.32819.101
MinimumVisualStudioVersion = 10.0.40219.1
Project("{8BC9CEB8-8B4A-11D0-8D11-00A0C91BC942}") = "Lab03(B)1.1", "Lab03(B)1.1\Lab03(B)1.1.vcxproj", "{E7B219D9-D3BE-4A71-99B9-4FDCA746029C}"
EndProject
Global
	GlobalSection(SolutionConfigurationPlatforms) = preSolution
		Debug|x64 = Debug|x64
		Debug|x86 = Debug|x86
		Release|x64 = Release|x64
		Release|x86 = Release|x86
	EndGlobalSection
	GlobalSection(ProjectConfigurationPlatforms) = postSolution
		{E7B219D9-D3BE-4A71-99B9-4FDCA746029C}.Debug|x64.ActiveCfg = Debug|x64
		{E7B219D9-D3BE-4A71-99B9-4FDCA746029C}.Debug|x64.Build.0 = Debug|x64
		{E7B219D9-D3BE-4A71-99B9-4FDCA746029C}.Debug|x86.ActiveCfg = Debug|Win32
		{E7B219D9-D3BE-4A71-99B9-4FDCA746029C}.Debug|x86.Build.0 = Debug|Win32
		{E7B219D9-D3BE-4A71-99B9-4FDCA746029C}.Release|x64.ActiveCfg = Release|x64
		{E7B219D9-D3BE-4A71-99B9-4FDCA746029C}.Release|x64.Build.0 = Release|x64
		{E7B219D9-D3BE-4A71-99B9-4FDCA746029C}.Release|x86.ActiveCfg = Release|Win32
		{E7B219D9-D3BE-4A71-99B9-4FDCA746029C}.Release|x86.Build.0 = Release|Win32
	EndGlobalSection
	GlobalSection(SolutionProperties) = preSolution
		HideSolutionNode = FALSE
	EndGlobalSection
	GlobalSection(ExtensibilityGlobals) = postSolution
		SolutionGuid = {B9AB88B9-5E71-448F-97E2-07CB755EB43F}
	EndGlobalSection
EndGlobal
